schema: '2.0'
stages:
  download_data:
    cmd: python download_data.py
    deps:
    - path: download_data.py
      hash: md5
      md5: e59dfeca3ee3f9cd7df220726a39cc06
      size: 974
    - path: params.yaml
      hash: md5
      md5: 199cc8fa94fc2cf6d72c2d0bb87b36ab
      size: 101
    outs:
    - path: data/dataset.csv
      hash: md5
      md5: 72de67d2f0a43b9f53c08f399d9e96ef
      size: 3878
  train_model:
    cmd: python train_model.py
    deps:
    - path: data/dataset.csv
      hash: md5
      md5: 72de67d2f0a43b9f53c08f399d9e96ef
      size: 3878
    - path: params.yaml
      hash: md5
      md5: 199cc8fa94fc2cf6d72c2d0bb87b36ab
      size: 101
    - path: train_model.py
      hash: md5
      md5: 4176c77998a181a662537c83528c2a94
      size: 1654
    outs:
    - path: metrics.json
      hash: md5
      md5: 987c8a35a630044b24b9ad667403631f
      size: 32
    - path: models/model.pkl
      hash: md5
      md5: 241c3087e44e1f1839d16266e457b5e3
      size: 1764
